
Microsoft Visual Studio Solution File, Format Version 12.00
Project("{FAE04EC0-301F-11D3-BF4B-00C04F79EFBC}") = "V7endpoint", "V7endpoint\V7endpoint.csproj", "{95E8112B-869C-43AE-B3A3-5D6C7FB2159C}"
EndProject
Project("{FAE04EC0-301F-11D3-BF4B-00C04F79EFBC}") = "V8endpoint", "V8endpoint\V8endpoint.csproj", "{C7B8EB1D-4B94-44DD-9A40-28D2F0DE2E0E}"
EndProject
Global
	GlobalSection(SolutionConfigurationPlatforms) = preSolution
		Debug|Any CPU = Debug|Any CPU
		Release|Any CPU = Release|Any CPU
	EndGlobalSection
	GlobalSection(ProjectConfigurationPlatforms) = postSolution
		{95E8112B-869C-43AE-B3A3-5D6C7FB2159C}.Debug|Any CPU.ActiveCfg = Debug|Any CPU
		{95E8112B-869C-43AE-B3A3-5D6C7FB2159C}.Debug|Any CPU.Build.0 = Debug|Any CPU
		{95E8112B-869C-43AE-B3A3-5D6C7FB2159C}.Release|Any CPU.ActiveCfg = Release|Any CPU
		{95E8112B-869C-43AE-B3A3-5D6C7FB2159C}.Release|Any CPU.Build.0 = Release|Any CPU
		{C7B8EB1D-4B94-44DD-9A40-28D2F0DE2E0E}.Debug|Any CPU.ActiveCfg = Debug|Any CPU
		{C7B8EB1D-4B94-44DD-9A40-28D2F0DE2E0E}.Debug|Any CPU.Build.0 = Debug|Any CPU
		{C7B8EB1D-4B94-44DD-9A40-28D2F0DE2E0E}.Release|Any CPU.ActiveCfg = Release|Any CPU
		{C7B8EB1D-4B94-44DD-9A40-28D2F0DE2E0E}.Release|Any CPU.Build.0 = Release|Any CPU
	EndGlobalSection
EndGlobal
